
Microsoft Visual Studio Solution File, Format Version 12.00
# Visual Studio Version 17
VisualStudioVersion = 17.8.34322.80
MinimumVisualStudioVersion = 10.0.40219.1
Project("{FAE04EC0-301F-11D3-BF4B-00C04F79EFBC}") = "HuffmanTree", "HuffmanTree.csproj", "{79027F24-4A16-46E5-9E24-D3C617FCAC78}"
EndProject
Global
	GlobalSection(SolutionConfigurationPlatforms) = preSolution
		Debug|Any CPU = Debug|Any CPU
		Release|Any CPU = Release|Any CPU
	EndGlobalSection
	GlobalSection(ProjectConfigurationPlatforms) = postSolution
		{79027F24-4A16-46E5-9E24-D3C617FCAC78}.Debug|Any CPU.ActiveCfg = Debug|Any CPU
		{79027F24-4A16-46E5-9E24-D3C617FCAC78}.Debug|Any CPU.Build.0 = Debug|Any CPU
		{79027F24-4A16-46E5-9E24-D3C617FCAC78}.Release|Any CPU.ActiveCfg = Release|Any CPU
		{79027F24-4A16-46E5-9E24-D3C617FCAC78}.Release|Any CPU.Build.0 = Release|Any CPU
	EndGlobalSection
	GlobalSection(SolutionProperties) = preSolution
		HideSolutionNode = FALSE
	EndGlobalSection
	GlobalSection(ExtensibilityGlobals) = postSolution
		SolutionGuid = {70086345-5648-4AAE-9D24-A814C457FF42}
	EndGlobalSection
EndGlobal
